// !$*UTF8*$!
{
	archiveVersion = 1;
	classes = {
	};
	objectVersion = 46;
	objects = {

/* Begin PBXBuildFile section */
		D38796941A9D62DB005E6206 /* seventhVC.swift in Sources */ = {isa = PBXBuildFile; fileRef = D38796931A9D62DB005E6206 /* seventhVC.swift */; };
		D3CCAE171A9C3F1E007C047C /* thirdVC.swift in Sources */ = {isa = PBXBuildFile; fileRef = D3CCAE161A9C3F1E007C047C /* thirdVC.swift */; };
		D3CCAE191A9D5D23007C047C /* fourthVC.swift in Sources */ = {isa = PBXBuildFile; fileRef = D3CCAE181A9D5D23007C047C /* fourthVC.swift */; };
		D3CCAE1B1A9D5D37007C047C /* fifthVC.swift in Sources */ = {isa = PBXBuildFile; fileRef = D3CCAE1A1A9D5D37007C047C /* fifthVC.swift */; };
		D3CCAE1D1A9D5D4F007C047C /* sixthVC.swift in Sources */ = {isa = PBXBuildFile; fileRef = D3CCAE1C1A9D5D4F007C047C /* sixthVC.swift */; };
		D3D7CFA61A8C49C50054478C /* AppDelegate.swift in Sources */ = {isa = PBXBuildFile; fileRef = D3D7CFA51A8C49C50054478C /* AppDelegate.swift */; };
		D3D7CFA91A8C49C50054478C /* Segues.xcdatamodeld in Sources */ = {isa = PBXBuildFile; fileRef = D3D7CFA71A8C49C50054478C /* Segues.xcdatamodeld */; };
		D3D7CFAB1A8C49C50054478C /* ViewController.swift in Sources */ = {isa = PBXBuildFile; fileRef = D3D7CFAA1A8C49C50054478C /* ViewController.swift */; };
		D3D7CFAE1A8C49C50054478C /* Main.storyboard in Resources */ = {isa = PBXBuildFile; fileRef = D3D7CFAC1A8C49C50054478C /* Main.storyboard */; };
		D3D7CFB01A8C49C60054478C /* Images.xcassets in Resources */ = {isa = PBXBuildFile; fileRef = D3D7CFAF1A8C49C60054478C /* Images.xcassets */; };
		D3D7CFB31A8C49C60054478C /* LaunchScreen.xib in Resources */ = {isa = PBXBuildFile; fileRef = D3D7CFB11A8C49C60054478C /* LaunchScreen.xib */; };
		D3D7CFBF1A8C49C60054478C /* SeguesTests.swift in Sources */ = {isa = PBXBuildFile; fileRef = D3D7CFBE1A8C49C60054478C /* SeguesTests.swift */; };
		D3D7CFCA1A8C4AE30054478C /* secondVC.swift in Sources */ = {isa = PBXBuildFile; fileRef = D3D7CFC91A8C4AE30054478C /* secondVC.swift */; };
/* End PBXBuildFile section */

/* Begin PBXContainerItemProxy section */
		D3D7CFB91A8C49C60054478C /* PBXContainerItemProxy */ = {
			isa = PBXContainerItemProxy;
			containerPortal = D3D7CF981A8C49C50054478C /* Project object */;
			proxyType = 1;
			remoteGlobalIDString = D3D7CF9F1A8C49C50054478C;
			remoteInfo = Segues;
		};
/* End PBXContainerItemProxy section */

/* Begin PBXFileReference section */
		D38796931A9D62DB005E6206 /* seventhVC.swift */ = {isa = PBXFileReference; fileEncoding = 4; lastKnownFileType = sourcecode.swift; path = seventhVC.swift; sourceTree = "<group>"; };
		D3CCAE161A9C3F1E007C047C /* thirdVC.swift */ = {isa = PBXFileReference; fileEncoding = 4; lastKnownFileType = sourcecode.swift; path = thirdVC.swift; sourceTree = "<group>"; };
		D3CCAE181A9D5D23007C047C /* fourthVC.swift */ = {isa = PBXFileReference; fileEncoding = 4; lastKnownFileType = sourcecode.swift; path = fourthVC.swift; sourceTree = "<group>"; };
		D3CCAE1A1A9D5D37007C047C /* fifthVC.swift */ = {isa = PBXFileReference; fileEncoding = 4; lastKnownFileType = sourcecode.swift; path = fifthVC.swift; sourceTree = "<group>"; };
		D3CCAE1C1A9D5D4F007C047C /* sixthVC.swift */ = {isa = PBXFileReference; fileEncoding = 4; lastKnownFileType = sourcecode.swift; path = sixthVC.swift; sourceTree = "<group>"; };
		D3D7CFA01A8C49C50054478C /* Segues.app */ = {isa = PBXFileReference; explicitFileType = wrapper.application; includeInIndex = 0; path = Segues.app; sourceTree = BUILT_PRODUCTS_DIR; };
		D3D7CFA41A8C49C50054478C /* Info.plist */ = {isa = PBXFileReference; lastKnownFileType = text.plist.xml; path = Info.plist; sourceTree = "<group>"; };
		D3D7CFA51A8C49C50054478C /* AppDelegate.swift */ = {isa = PBXFileReference; lastKnownFileType = sourcecode.swift; path = AppDelegate.swift; sourceTree = "<group>"; };
		D3D7CFA81A8C49C50054478C /* Segues.xcdatamodel */ = {isa = PBXFileReference; lastKnownFileType = wrapper.xcdatamodel; path = Segues.xcdatamodel; sourceTree = "<group>"; };
		D3D7CFAA1A8C49C50054478C /* ViewController.swift */ = {isa = PBXFileReference; lastKnownFileType = sourcecode.swift; path = ViewController.swift; sourceTree = "<group>"; };
		D3D7CFAD1A8C49C50054478C /* Base */ = {isa = PBXFileReference; lastKnownFileType = file.storyboard; name = Base; path = Base.lproj/Main.storyboard; sourceTree = "<group>"; };
		D3D7CFAF1A8C49C60054478C /* Images.xcassets */ = {isa = PBXFileReference; lastKnownFileType = folder.assetcatalog; path = Images.xcassets; sourceTree = "<group>"; };
		D3D7CFB21A8C49C60054478C /* Base */ = {isa = PBXFileReference; lastKnownFileType = file.xib; name = Base; path = Base.lproj/LaunchScreen.xib; sourceTree = "<group>"; };
		D3D7CFB81A8C49C60054478C /* SeguesTests.xctest */ = {isa = PBXFileReference; explicitFileType = wrapper.cfbundle; includeInIndex = 0; path = SeguesTests.xctest; sourceTree = BUILT_PRODUCTS_DIR; };
		D3D7CFBD1A8C49C60054478C /* Info.plist */ = {isa = PBXFileReference; lastKnownFileType = text.plist.xml; path = Info.plist; sourceTree = "<group>"; };
		D3D7CFBE1A8C49C60054478C /* SeguesTests.swift */ = {isa = PBXFileReference; lastKnownFileType = sourcecode.swift; path = SeguesTests.swift; sourceTree = "<group>"; };
		D3D7CFC91A8C4AE30054478C /* secondVC.swift */ = {isa = PBXFileReference; fileEncoding = 4; lastKnownFileType = sourcecode.swift; path = secondVC.swift; sourceTree = "<group>"; };
/* End PBXFileReference section */

/* Begin PBXFrameworksBuildPhase section */
		D3D7CF9D1A8C49C50054478C /* Frameworks */ = {
			isa = PBXFrameworksBuildPhase;
			buildActionMask = 2147483647;
			files = (
			);
			runOnlyForDeploymentPostprocessing = 0;
		};
		D3D7CFB51A8C49C60054478C /* Frameworks */ = {
			isa = PBXFrameworksBuildPhase;
			buildActionMask = 2147483647;
			files = (
			);
			runOnlyForDeploymentPostprocessing = 0;
		};
/* End PBXFrameworksBuildPhase section */

/* Begin PBXGroup section */
		D3D7CF971A8C49C50054478C = {
			isa = PBXGroup;
			children = (
				D3D7CFA21A8C49C50054478C /* Segues */,
				D3D7CFBB1A8C49C60054478C /* SeguesTests */,
				D3D7CFA11A8C49C50054478C /* Products */,
			);
			sourceTree = "<group>";
		};
		D3D7CFA11A8C49C50054478C /* Products */ = {
			isa = PBXGroup;
			children = (
				D3D7CFA01A8C49C50054478C /* Segues.app */,
				D3D7CFB81A8C49C60054478C /* SeguesTests.xctest */,
			);
			name = Products;
			sourceTree = "<group>";
		};
		D3D7CFA21A8C49C50054478C /* Segues */ = {
			isa = PBXGroup;
			children = (
				D3D7CFA51A8C49C50054478C /* AppDelegate.swift */,
				D3D7CFAA1A8C49C50054478C /* ViewController.swift */,
				D3D7CFC91A8C4AE30054478C /* secondVC.swift */,
				D3CCAE161A9C3F1E007C047C /* thirdVC.swift */,
				D3CCAE181A9D5D23007C047C /* fourthVC.swift */,
				D3CCAE1A1A9D5D37007C047C /* fifthVC.swift */,
				D3CCAE1C1A9D5D4F007C047C /* sixthVC.swift */,
				D38796931A9D62DB005E6206 /* seventhVC.swift */,
				D3D7CFAC1A8C49C50054478C /* Main.storyboard */,
				D3D7CFAF1A8C49C60054478C /* Images.xcassets */,
				D3D7CFB11A8C49C60054478C /* LaunchScreen.xib */,
				D3D7CFA71A8C49C50054478C /* Segues.xcdatamodeld */,
				D3D7CFA31A8C49C50054478C /* Supporting Files */,
			);
			path = Segues;
			sourceTree = "<group>";
		};
		D3D7CFA31A8C49C50054478C /* Supporting Files */ = {
			isa = PBXGroup;
			children = (
				D3D7CFA41A8C49C50054478C /* Info.plist */,
			);
			name = "Supporting Files";
			sourceTree = "<group>";
		};
		D3D7CFBB1A8C49C60054478C /* SeguesTests */ = {
			isa = PBXGroup;
			children = (
				D3D7CFBE1A8C49C60054478C /* SeguesTests.swift */,
				D3D7CFBC1A8C49C60054478C /* Supporting Files */,
			);
			path = SeguesTests;
			sourceTree = "<group>";
		};
		D3D7CFBC1A8C49C60054478C /* Supporting Files */ = {
			isa = PBXGroup;
			children = (
				D3D7CFBD1A8C49C60054478C /* Info.plist */,
			);
			name = "Supporting Files";
			sourceTree = "<group>";
		};
/* End PBXGroup section */

/* Begin PBXNativeTarget section */
		D3D7CF9F1A8C49C50054478C /* Segues */ = {
			isa = PBXNativeTarget;
			buildConfigurationList = D3D7CFC21A8C49C60054478C /* Build configuration list for PBXNativeTarget "Segues" */;
			buildPhases = (
				D3D7CF9C1A8C49C50054478C /* Sources */,
				D3D7CF9D1A8C49C50054478C /* Frameworks */,
				D3D7CF9E1A8C49C50054478C /* Resources */,
			);
			buildRules = (
			);
			dependencies = (
			);
			name = Segues;
			productName = Segues;
			productReference = D3D7CFA01A8C49C50054478C /* Segues.app */;
			productType = "com.apple.product-type.application";
		};
		D3D7CFB71A8C49C60054478C /* SeguesTests */ = {
			isa = PBXNativeTarget;
			buildConfigurationList = D3D7CFC51A8C49C60054478C /* Build configuration list for PBXNativeTarget "SeguesTests" */;
			buildPhases = (
				D3D7CFB41A8C49C60054478C /* Sources */,
				D3D7CFB51A8C49C60054478C /* Frameworks */,
				D3D7CFB61A8C49C60054478C /* Resources */,
			);
			buildRules = (
			);
			dependencies = (
				D3D7CFBA1A8C49C60054478C /* PBXTargetDependency */,
			);
			name = SeguesTests;
			productName = SeguesTests;
			productReference = D3D7CFB81A8C49C60054478C /* SeguesTests.xctest */;
			productType = "com.apple.product-type.bundle.unit-test";
		};
/* End PBXNativeTarget section */

/* Begin PBXProject section */
		D3D7CF981A8C49C50054478C /* Project object */ = {
			isa = PBXProject;
			attributes = {
				LastUpgradeCheck = 0610;
				ORGANIZATIONNAME = "yasha walker";
				TargetAttributes = {
					D3D7CF9F1A8C49C50054478C = {
						CreatedOnToolsVersion = 6.1.1;
					};
					D3D7CFB71A8C49C60054478C = {
						CreatedOnToolsVersion = 6.1.1;
						TestTargetID = D3D7CF9F1A8C49C50054478C;
					};
				};
			};
			buildConfigurationList = D3D7CF9B1A8C49C50054478C /* Build configuration list for PBXProject "Segues" */;
			compatibilityVersion = "Xcode 3.2";
			developmentRegion = English;
			hasScannedForEncodings = 0;
			knownRegions = (
				en,
				Base,
			);
			mainGroup = D3D7CF971A8C49C50054478C;
			productRefGroup = D3D7CFA11A8C49C50054478C /* Products */;
			projectDirPath = "";
			projectRoot = "";
			targets = (
				D3D7CF9F1A8C49C50054478C /* Segues */,
				D3D7CFB71A8C49C60054478C /* SeguesTests */,
			);
		};
/* End PBXProject section */

/* Begin PBXResourcesBuildPhase section */
		D3D7CF9E1A8C49C50054478C /* Resources */ = {
			isa = PBXResourcesBuildPhase;
			buildActionMask = 2147483647;
			files = (
				D3D7CFAE1A8C49C50054478C /* Main.storyboard in Resources */,
				D3D7CFB31A8C49C60054478C /* LaunchScreen.xib in Resources */,
				D3D7CFB01A8C49C60054478C /* Images.xcassets in Resources */,
			);
			runOnlyForDeploymentPostprocessing = 0;
		};
		D3D7CFB61A8C49C60054478C /* Resources */ = {
			isa = PBXResourcesBuildPhase;
			buildActionMask = 2147483647;
			files = (
			);
			runOnlyForDeploymentPostprocessing = 0;
		};
/* End PBXResourcesBuildPhase section */

/* Begin PBXSourcesBuildPhase section */
		D3D7CF9C1A8C49C50054478C /* Sources */ = {
			isa = PBXSourcesBuildPhase;
			buildActionMask = 2147483647;
			files = (
				D3CCAE171A9C3F1E007C047C /* thirdVC.swift in Sources */,
				D3CCAE1D1A9D5D4F007C047C /* sixthVC.swift in Sources */,
				D3D7CFAB1A8C49C50054478C /* ViewController.swift in Sources */,
				D3CCAE191A9D5D23007C047C /* fourthVC.swift in Sources */,
				D3CCAE1B1A9D5D37007C047C /* fifthVC.swift in Sources */,
				D3D7CFA61A8C49C50054478C /* AppDelegate.swift in Sources */,
				D38796941A9D62DB005E6206 /* seventhVC.swift in Sources */,
				D3D7CFCA1A8C4AE30054478C /* secondVC.swift in Sources */,
				D3D7CFA91A8C49C50054478C /* Segues.xcdatamodeld in Sources */,
			);
			runOnlyForDeploymentPostprocessing = 0;
		};
		D3D7CFB41A8C49C60054478C /* Sources */ = {
			isa = PBXSourcesBuildPhase;
			buildActionMask = 2147483647;
			files = (
				D3D7CFBF1A8C49C60054478C /* SeguesTests.swift in Sources */,
			);
			runOnlyForDeploymentPostprocessing = 0;
		};
/* End PBXSourcesBuildPhase section */

/* Begin PBXTargetDependency section */
		D3D7CFBA1A8C49C60054478C /* PBXTargetDependency */ = {
			isa = PBXTargetDependency;
			target = D3D7CF9F1A8C49C50054478C /* Segues */;
			targetProxy = D3D7CFB91A8C49C60054478C /* PBXContainerItemProxy */;
		};
/* End PBXTargetDependency section */

/* Begin PBXVariantGroup section */
		D3D7CFAC1A8C49C50054478C /* Main.storyboard */ = {
			isa = PBXVariantGroup;
			children = (
				D3D7CFAD1A8C49C50054478C /* Base */,
			);
			name = Main.storyboard;
			sourceTree = "<group>";
		};
		D3D7CFB11A8C49C60054478C /* LaunchScreen.xib */ = {
			isa = PBXVariantGroup;
			children = (
				D3D7CFB21A8C49C60054478C /* Base */,
			);
			name = LaunchScreen.xib;
			sourceTree = "<group>";
		};
/* End PBXVariantGroup section */

/* Begin XCBuildConfiguration section */
		D3D7CFC01A8C49C60054478C /* Debug */ = {
			isa = XCBuildConfiguration;
			buildSettings = {
				ALWAYS_SEARCH_USER_PATHS = NO;
				CLANG_CXX_LANGUAGE_STANDARD = "gnu++0x";
				CLANG_CXX_LIBRARY = "libc++";
				CLANG_ENABLE_MODULES = YES;
				CLANG_ENABLE_OBJC_ARC = YES;
				CLANG_WARN_BOOL_CONVERSION = YES;
				CLANG_WARN_CONSTANT_CONVERSION = YES;
				CLANG_WARN_DIRECT_OBJC_ISA_USAGE = YES_ERROR;
				CLANG_WARN_EMPTY_BODY = YES;
				CLANG_WARN_ENUM_CONVERSION = YES;
				CLANG_WARN_INT_CONVERSION = YES;
				CLANG_WARN_OBJC_ROOT_CLASS = YES_ERROR;
				CLANG_WARN_UNREACHABLE_CODE = YES;
				CLANG_WARN__DUPLICATE_METHOD_MATCH = YES;
				"CODE_SIGN_IDENTITY[sdk=iphoneos*]" = "iPhone Developer";
				COPY_PHASE_STRIP = NO;
				ENABLE_STRICT_OBJC_MSGSEND = YES;
				GCC_C_LANGUAGE_STANDARD = gnu99;
				GCC_DYNAMIC_NO_PIC = NO;
				GCC_OPTIMIZATION_LEVEL = 0;
				GCC_PREPROCESSOR_DEFINITIONS = (
					"DEBUG=1",
					"$(inherited)",
				);
				GCC_SYMBOLS_PRIVATE_EXTERN = NO;
				GCC_WARN_64_TO_32_BIT_CONVERSION = YES;
				GCC_WARN_ABOUT_RETURN_TYPE = YES_ERROR;
				GCC_WARN_UNDECLARED_SELECTOR = YES;
				GCC_WARN_UNINITIALIZED_AUTOS = YES_AGGRESSIVE;
				GCC_WARN_UNUSED_FUNCTION = YES;
				GCC_WARN_UNUSED_VARIABLE = YES;
				IPHONEOS_DEPLOYMENT_TARGET = 8.1;
				MTL_ENABLE_DEBUG_INFO = YES;
				ONLY_ACTIVE_ARCH = YES;
				SDKROOT = iphoneos;
				SWIFT_OPTIMIZATION_LEVEL = "-Onone";
				TARGETED_DEVICE_FAMILY = "1,2";
			};
			name = Debug;
		};
		D3D7CFC11A8C49C60054478C /* Release */ = {
			isa = XCBuildConfiguration;
			buildSettings = {
				ALWAYS_SEARCH_USER_PATHS = NO;
				CLANG_CXX_LANGUAGE_STANDARD = "gnu++0x";
				CLANG_CXX_LIBRARY = "libc++";
				CLANG_ENABLE_MODULES = YES;
				CLANG_ENABLE_OBJC_ARC = YES;
				CLANG_WARN_BOOL_CONVERSION = YES;
				CLANG_WARN_CONSTANT_CONVERSION = YES;
				CLANG_WARN_DIRECT_OBJC_ISA_USAGE = YES_ERROR;
				CLANG_WARN_EMPTY_BODY = YES;
				CLANG_WARN_ENUM_CONVERSION = YES;
				CLANG_WARN_INT_CONVERSION = YES;
				CLANG_WARN_OBJC_ROOT_CLASS = YES_ERROR;
				CLANG_WARN_UNREACHABLE_CODE = YES;
				CLANG_WARN__DUPLICATE_METHOD_MATCH = YES;
				"CODE_SIGN_IDENTITY[sdk=iphoneos*]" = "iPhone Developer";
				COPY_PHASE_STRIP = YES;
				ENABLE_NS_ASSERTIONS = NO;
				ENABLE_STRICT_OBJC_MSGSEND = YES;
				GCC_C_LANGUAGE_STANDARD = gnu99;
				GCC_WARN_64_TO_32_BIT_CONVERSION = YES;
				GCC_WARN_ABOUT_RETURN_TYPE = YES_ERROR;
				GCC_WARN_UNDECLARED_SELECTOR = YES;
				GCC_WARN_UNINITIALIZED_AUTOS = YES_AGGRESSIVE;
				GCC_WARN_UNUSED_FUNCTION = YES;
				GCC_WARN_UNUSED_VARIABLE = YES;
				IPHONEOS_DEPLOYMENT_TARGET = 8.1;
				MTL_ENABLE_DEBUG_INFO = NO;
				SDKROOT = iphoneos;
				TARGETED_DEVICE_FAMILY = "1,2";
				VALIDATE_PRODUCT = YES;
			};
			name = Release;
		};
		D3D7CFC31A8C49C60054478C /* Debug */ = {
			isa = XCBuildConfiguration;
			buildSettings = {
				ASSETCATALOG_COMPILER_APPICON_NAME = AppIcon;
				INFOPLIST_FILE = Segues/Info.plist;
				LD_RUNPATH_SEARCH_PATHS = "$(inherited) @executable_path/Frameworks";
				PRODUCT_NAME = "$(TARGET_NAME)";
			};
			name = Debug;
		};
		D3D7CFC41A8C49C60054478C /* Release */ = {
			isa = XCBuildConfiguration;
			buildSettings = {
				ASSETCATALOG_COMPILER_APPICON_NAME = AppIcon;
				INFOPLIST_FILE = Segues/Info.plist;
				LD_RUNPATH_SEARCH_PATHS = "$(inherited) @executable_path/Frameworks";
				PRODUCT_NAME = "$(TARGET_NAME)";
			};
			name = Release;
		};
		D3D7CFC61A8C49C60054478C /* Debug */ = {
			isa = XCBuildConfiguration;
			buildSettings = {
				BUNDLE_LOADER = "$(TEST_HOST)";
				FRAMEWORK_SEARCH_PATHS = (
					"$(SDKROOT)/Developer/Library/Frameworks",
					"$(inherited)",
				);
				GCC_PREPROCESSOR_DEFINITIONS = (
					"DEBUG=1",
					"$(inherited)",
				);
				INFOPLIST_FILE = SeguesTests/Info.plist;
				LD_RUNPATH_SEARCH_PATHS = "$(inherited) @executable_path/Frameworks @loader_path/Frameworks";
				PRODUCT_NAME = "$(TARGET_NAME)";
				TEST_HOST = "$(BUILT_PRODUCTS_DIR)/Segues.app/Segues";
			};
			name = Debug;
		};
		D3D7CFC71A8C49C60054478C /* Release */ = {
			isa = XCBuildConfiguration;
			buildSettings = {
				BUNDLE_LOADER = "$(TEST_HOST)";
				FRAMEWORK_SEARCH_PATHS = (
					"$(SDKROOT)/Developer/Library/Frameworks",
					"$(inherited)",
				);
				INFOPLIST_FILE = SeguesTests/Info.plist;
				LD_RUNPATH_SEARCH_PATHS = "$(inherited) @executable_path/Frameworks @loader_path/Frameworks";
				PRODUCT_NAME = "$(TARGET_NAME)";
				TEST_HOST = "$(BUILT_PRODUCTS_DIR)/Segues.app/Segues";
			};
			name = Release;
		};
/* End XCBuildConfiguration section */

/* Begin XCConfigurationList section */
		D3D7CF9B1A8C49C50054478C /* Build configuration list for PBXProject "Segues" */ = {
			isa = XCConfigurationList;
			buildConfigurations = (
				D3D7CFC01A8C49C60054478C /* Debug */,
				D3D7CFC11A8C49C60054478C /* Release */,
			);
			defaultConfigurationIsVisible = 0;
			defaultConfigurationName = Release;
		};
		D3D7CFC21A8C49C60054478C /* Build configuration list for PBXNativeTarget "Segues" */ = {
			isa = XCConfigurationList;
			buildConfigurations = (
				D3D7CFC31A8C49C60054478C /* Debug */,
				D3D7CFC41A8C49C60054478C /* Release */,
			);
			defaultConfigurationIsVisible = 0;
			defaultConfigurationName = Release;
		};
		D3D7CFC51A8C49C60054478C /* Build configuration list for PBXNativeTarget "SeguesTests" */ = {
			isa = XCConfigurationList;
			buildConfigurations = (
				D3D7CFC61A8C49C60054478C /* Debug */,
				D3D7CFC71A8C49C60054478C /* Release */,
			);
			defaultConfigurationIsVisible = 0;
			defaultConfigurationName = Release;
		};
/* End XCConfigurationList section */

/* Begin XCVersionGroup section */
		D3D7CFA71A8C49C50054478C /* Segues.xcdatamodeld */ = {
			isa = XCVersionGroup;
			children = (
				D3D7CFA81A8C49C50054478C /* Segues.xcdatamodel */,
			);
			currentVersion = D3D7CFA81A8C49C50054478C /* Segues.xcdatamodel */;
			path = Segues.xcdatamodeld;
			sourceTree = "<group>";
			versionGroupType = wrapper.xcdatamodel;
		};
/* End XCVersionGroup section */
	};
	rootObject = D3D7CF981A8C49C50054478C /* Project object */;
}
